// !$*UTF8*$!
{
	archiveVersion = 1;
	classes = {
	};
	objectVersion = 56;
	objects = {

/* Begin PBXBuildFile section */
		9CCFB72329BC52B800E56C9D /* MyFirstIoSAppApp.swift in Sources */ = {isa = PBXBuildFile; fileRef = 9CCFB72229BC52B800E56C9D /* MyFirstIoSAppApp.swift */; };
		9CCFB72529BC52B800E56C9D /* ContentView.swift in Sources */ = {isa = PBXBuildFile; fileRef = 9CCFB72429BC52B800E56C9D /* ContentView.swift */; };
		9CCFB72729BC52BA00E56C9D /* Assets.xcassets in Resources */ = {isa = PBXBuildFile; fileRef = 9CCFB72629BC52BA00E56C9D /* Assets.xcassets */; };
		9CCFB72A29BC52BA00E56C9D /* Preview Assets.xcassets in Resources */ = {isa = PBXBuildFile; fileRef = 9CCFB72929BC52BA00E56C9D /* Preview Assets.xcassets */; };
		9CCFB73429BC52BB00E56C9D /* MyFirstIoSAppTests.swift in Sources */ = {isa = PBXBuildFile; fileRef = 9CCFB73329BC52BB00E56C9D /* MyFirstIoSAppTests.swift */; };
		9CCFB73E29BC52BB00E56C9D /* MyFirstIoSAppUITests.swift in Sources */ = {isa = PBXBuildFile; fileRef = 9CCFB73D29BC52BB00E56C9D /* MyFirstIoSAppUITests.swift */; };
		9CCFB74029BC52BB00E56C9D /* MyFirstIoSAppUITestsLaunchTests.swift in Sources */ = {isa = PBXBuildFile; fileRef = 9CCFB73F29BC52BB00E56C9D /* MyFirstIoSAppUITestsLaunchTests.swift */; };
/* End PBXBuildFile section */

/* Begin PBXContainerItemProxy section */
		9CCFB73029BC52BB00E56C9D /* PBXContainerItemProxy */ = {
			isa = PBXContainerItemProxy;
			containerPortal = 9CCFB71729BC52B800E56C9D /* Project object */;
			proxyType = 1;
			remoteGlobalIDString = 9CCFB71E29BC52B800E56C9D;
			remoteInfo = MyFirstIoSApp;
		};
		9CCFB73A29BC52BB00E56C9D /* PBXContainerItemProxy */ = {
			isa = PBXContainerItemProxy;
			containerPortal = 9CCFB71729BC52B800E56C9D /* Project object */;
			proxyType = 1;
			remoteGlobalIDString = 9CCFB71E29BC52B800E56C9D;
			remoteInfo = MyFirstIoSApp;
		};
/* End PBXContainerItemProxy section */

/* Begin PBXFileReference section */
		9CCFB71F29BC52B800E56C9D /* MyFirstIoSApp.app */ = {isa = PBXFileReference; explicitFileType = wrapper.application; includeInIndex = 0; path = MyFirstIoSApp.app; sourceTree = BUILT_PRODUCTS_DIR; };
		9CCFB72229BC52B800E56C9D /* MyFirstIoSAppApp.swift */ = {isa = PBXFileReference; lastKnownFileType = sourcecode.swift; path = MyFirstIoSAppApp.swift; sourceTree = "<group>"; };
		9CCFB72429BC52B800E56C9D /* ContentView.swift */ = {isa = PBXFileReference; lastKnownFileType = sourcecode.swift; path = ContentView.swift; sourceTree = "<group>"; };
		9CCFB72629BC52BA00E56C9D /* Assets.xcassets */ = {isa = PBXFileReference; lastKnownFileType = folder.assetcatalog; path = Assets.xcassets; sourceTree = "<group>"; };
		9CCFB72929BC52BA00E56C9D /* Preview Assets.xcassets */ = {isa = PBXFileReference; lastKnownFileType = folder.assetcatalog; path = "Preview Assets.xcassets"; sourceTree = "<group>"; };
		9CCFB72F29BC52BB00E56C9D /* MyFirstIoSAppTests.xctest */ = {isa = PBXFileReference; explicitFileType = wrapper.cfbundle; includeInIndex = 0; path = MyFirstIoSAppTests.xctest; sourceTree = BUILT_PRODUCTS_DIR; };
		9CCFB73329BC52BB00E56C9D /* MyFirstIoSAppTests.swift */ = {isa = PBXFileReference; lastKnownFileType = sourcecode.swift; path = MyFirstIoSAppTests.swift; sourceTree = "<group>"; };
		9CCFB73929BC52BB00E56C9D /* MyFirstIoSAppUITests.xctest */ = {isa = PBXFileReference; explicitFileType = wrapper.cfbundle; includeInIndex = 0; path = MyFirstIoSAppUITests.xctest; sourceTree = BUILT_PRODUCTS_DIR; };
		9CCFB73D29BC52BB00E56C9D /* MyFirstIoSAppUITests.swift */ = {isa = PBXFileReference; lastKnownFileType = sourcecode.swift; path = MyFirstIoSAppUITests.swift; sourceTree = "<group>"; };
		9CCFB73F29BC52BB00E56C9D /* MyFirstIoSAppUITestsLaunchTests.swift */ = {isa = PBXFileReference; lastKnownFileType = sourcecode.swift; path = MyFirstIoSAppUITestsLaunchTests.swift; sourceTree = "<group>"; };
/* End PBXFileReference section */

/* Begin PBXFrameworksBuildPhase section */
		9CCFB71C29BC52B800E56C9D /* Frameworks */ = {
			isa = PBXFrameworksBuildPhase;
			buildActionMask = 2147483647;
			files = (
			);
			runOnlyForDeploymentPostprocessing = 0;
		};
		9CCFB72C29BC52BB00E56C9D /* Frameworks */ = {
			isa = PBXFrameworksBuildPhase;
			buildActionMask = 2147483647;
			files = (
			);
			runOnlyForDeploymentPostprocessing = 0;
		};
		9CCFB73629BC52BB00E56C9D /* Frameworks */ = {
			isa = PBXFrameworksBuildPhase;
			buildActionMask = 2147483647;
			files = (
			);
			runOnlyForDeploymentPostprocessing = 0;
		};
/* End PBXFrameworksBuildPhase section */

/* Begin PBXGroup section */
		9CCFB71629BC52B800E56C9D = {
			isa = PBXGroup;
			children = (
				9CCFB72129BC52B800E56C9D /* MyFirstIoSApp */,
				9CCFB73229BC52BB00E56C9D /* MyFirstIoSAppTests */,
				9CCFB73C29BC52BB00E56C9D /* MyFirstIoSAppUITests */,
				9CCFB72029BC52B800E56C9D /* Products */,
			);
			sourceTree = "<group>";
		};
		9CCFB72029BC52B800E56C9D /* Products */ = {
			isa = PBXGroup;
			children = (
				9CCFB71F29BC52B800E56C9D /* MyFirstIoSApp.app */,
				9CCFB72F29BC52BB00E56C9D /* MyFirstIoSAppTests.xctest */,
				9CCFB73929BC52BB00E56C9D /* MyFirstIoSAppUITests.xctest */,
			);
			name = Products;
			sourceTree = "<group>";
		};
		9CCFB72129BC52B800E56C9D /* MyFirstIoSApp */ = {
			isa = PBXGroup;
			children = (
				9CCFB72229BC52B800E56C9D /* MyFirstIoSAppApp.swift */,
				9CCFB72429BC52B800E56C9D /* ContentView.swift */,
				9CCFB72629BC52BA00E56C9D /* Assets.xcassets */,
				9CCFB72829BC52BA00E56C9D /* Preview Content */,
			);
			path = MyFirstIoSApp;
			sourceTree = "<group>";
		};
		9CCFB72829BC52BA00E56C9D /* Preview Content */ = {
			isa = PBXGroup;
			children = (
				9CCFB72929BC52BA00E56C9D /* Preview Assets.xcassets */,
			);
			path = "Preview Content";
			sourceTree = "<group>";
		};
		9CCFB73229BC52BB00E56C9D /* MyFirstIoSAppTests */ = {
			isa = PBXGroup;
			children = (
				9CCFB73329BC52BB00E56C9D /* MyFirstIoSAppTests.swift */,
			);
			path = MyFirstIoSAppTests;
			sourceTree = "<group>";
		};
		9CCFB73C29BC52BB00E56C9D /* MyFirstIoSAppUITests */ = {
			isa = PBXGroup;
			children = (
				9CCFB73D29BC52BB00E56C9D /* MyFirstIoSAppUITests.swift */,
				9CCFB73F29BC52BB00E56C9D /* MyFirstIoSAppUITestsLaunchTests.swift */,
			);
			path = MyFirstIoSAppUITests;
			sourceTree = "<group>";
		};
/* End PBXGroup section */

/* Begin PBXNativeTarget section */
		9CCFB71E29BC52B800E56C9D /* MyFirstIoSApp */ = {
			isa = PBXNativeTarget;
			buildConfigurationList = 9CCFB74329BC52BB00E56C9D /* Build configuration list for PBXNativeTarget "MyFirstIoSApp" */;
			buildPhases = (
				9CCFB71B29BC52B800E56C9D /* Sources */,
				9CCFB71C29BC52B800E56C9D /* Frameworks */,
				9CCFB71D29BC52B800E56C9D /* Resources */,
			);
			buildRules = (
			);
			dependencies = (
			);
			name = MyFirstIoSApp;
			productName = MyFirstIoSApp;
			productReference = 9CCFB71F29BC52B800E56C9D /* MyFirstIoSApp.app */;
			productType = "com.apple.product-type.application";
		};
		9CCFB72E29BC52BB00E56C9D /* MyFirstIoSAppTests */ = {
			isa = PBXNativeTarget;
			buildConfigurationList = 9CCFB74629BC52BB00E56C9D /* Build configuration list for PBXNativeTarget "MyFirstIoSAppTests" */;
			buildPhases = (
				9CCFB72B29BC52BB00E56C9D /* Sources */,
				9CCFB72C29BC52BB00E56C9D /* Frameworks */,
				9CCFB72D29BC52BB00E56C9D /* Resources */,
			);
			buildRules = (
			);
			dependencies = (
				9CCFB73129BC52BB00E56C9D /* PBXTargetDependency */,
			);
			name = MyFirstIoSAppTests;
			productName = MyFirstIoSAppTests;
			productReference = 9CCFB72F29BC52BB00E56C9D /* MyFirstIoSAppTests.xctest */;
			productType = "com.apple.product-type.bundle.unit-test";
		};
		9CCFB73829BC52BB00E56C9D /* MyFirstIoSAppUITests */ = {
			isa = PBXNativeTarget;
			buildConfigurationList = 9CCFB74929BC52BB00E56C9D /* Build configuration list for PBXNativeTarget "MyFirstIoSAppUITests" */;
			buildPhases = (
				9CCFB73529BC52BB00E56C9D /* Sources */,
				9CCFB73629BC52BB00E56C9D /* Frameworks */,
				9CCFB73729BC52BB00E56C9D /* Resources */,
			);
			buildRules = (
			);
			dependencies = (
				9CCFB73B29BC52BB00E56C9D /* PBXTargetDependency */,
			);
			name = MyFirstIoSAppUITests;
			productName = MyFirstIoSAppUITests;
			productReference = 9CCFB73929BC52BB00E56C9D /* MyFirstIoSAppUITests.xctest */;
			productType = "com.apple.product-type.bundle.ui-testing";
		};
/* End PBXNativeTarget section */

/* Begin PBXProject section */
		9CCFB71729BC52B800E56C9D /* Project object */ = {
			isa = PBXProject;
			attributes = {
				BuildIndependentTargetsInParallel = 1;
				LastSwiftUpdateCheck = 1420;
				LastUpgradeCheck = 1420;
				TargetAttributes = {
					9CCFB71E29BC52B800E56C9D = {
						CreatedOnToolsVersion = 14.2;
					};
					9CCFB72E29BC52BB00E56C9D = {
						CreatedOnToolsVersion = 14.2;
						TestTargetID = 9CCFB71E29BC52B800E56C9D;
					};
					9CCFB73829BC52BB00E56C9D = {
						CreatedOnToolsVersion = 14.2;
						TestTargetID = 9CCFB71E29BC52B800E56C9D;
					};
				};
			};
			buildConfigurationList = 9CCFB71A29BC52B800E56C9D /* Build configuration list for PBXProject "MyFirstIoSApp" */;
			compatibilityVersion = "Xcode 14.0";
			developmentRegion = en;
			hasScannedForEncodings = 0;
			knownRegions = (
				en,
				Base,
			);
			mainGroup = 9CCFB71629BC52B800E56C9D;
			productRefGroup = 9CCFB72029BC52B800E56C9D /* Products */;
			projectDirPath = "";
			projectRoot = "";
			targets = (
				9CCFB71E29BC52B800E56C9D /* MyFirstIoSApp */,
				9CCFB72E29BC52BB00E56C9D /* MyFirstIoSAppTests */,
				9CCFB73829BC52BB00E56C9D /* MyFirstIoSAppUITests */,
			);
		};
/* End PBXProject section */

/* Begin PBXResourcesBuildPhase section */
		9CCFB71D29BC52B800E56C9D /* Resources */ = {
			isa = PBXResourcesBuildPhase;
			buildActionMask = 2147483647;
			files = (
				9CCFB72A29BC52BA00E56C9D /* Preview Assets.xcassets in Resources */,
				9CCFB72729BC52BA00E56C9D /* Assets.xcassets in Resources */,
			);
			runOnlyForDeploymentPostprocessing = 0;
		};
		9CCFB72D29BC52BB00E56C9D /* Resources */ = {
			isa = PBXResourcesBuildPhase;
			buildActionMask = 2147483647;
			files = (
			);
			runOnlyForDeploymentPostprocessing = 0;
		};
		9CCFB73729BC52BB00E56C9D /* Resources */ = {
			isa = PBXResourcesBuildPhase;
			buildActionMask = 2147483647;
			files = (
			);
			runOnlyForDeploymentPostprocessing = 0;
		};
/* End PBXResourcesBuildPhase section */

/* Begin PBXSourcesBuildPhase section */
		9CCFB71B29BC52B800E56C9D /* Sources */ = {
			isa = PBXSourcesBuildPhase;
			buildActionMask = 2147483647;
			files = (
				9CCFB72529BC52B800E56C9D /* ContentView.swift in Sources */,
				9CCFB72329BC52B800E56C9D /* MyFirstIoSAppApp.swift in Sources */,
			);
			runOnlyForDeploymentPostprocessing = 0;
		};
		9CCFB72B29BC52BB00E56C9D /* Sources */ = {
			isa = PBXSourcesBuildPhase;
			buildActionMask = 2147483647;
			files = (
				9CCFB73429BC52BB00E56C9D /* MyFirstIoSAppTests.swift in Sources */,
			);
			runOnlyForDeploymentPostprocessing = 0;
		};
		9CCFB73529BC52BB00E56C9D /* Sources */ = {
			isa = PBXSourcesBuildPhase;
			buildActionMask = 2147483647;
			files = (
				9CCFB73E29BC52BB00E56C9D /* MyFirstIoSAppUITests.swift in Sources */,
				9CCFB74029BC52BB00E56C9D /* MyFirstIoSAppUITestsLaunchTests.swift in Sources */,
			);
			runOnlyForDeploymentPostprocessing = 0;
		};
/* End PBXSourcesBuildPhase section */

/* Begin PBXTargetDependency section */
		9CCFB73129BC52BB00E56C9D /* PBXTargetDependency */ = {
			isa = PBXTargetDependency;
			target = 9CCFB71E29BC52B800E56C9D /* MyFirstIoSApp */;
			targetProxy = 9CCFB73029BC52BB00E56C9D /* PBXContainerItemProxy */;
		};
		9CCFB73B29BC52BB00E56C9D /* PBXTargetDependency */ = {
			isa = PBXTargetDependency;
			target = 9CCFB71E29BC52B800E56C9D /* MyFirstIoSApp */;
			targetProxy = 9CCFB73A29BC52BB00E56C9D /* PBXContainerItemProxy */;
		};
/* End PBXTargetDependency section */

/* Begin XCBuildConfiguration section */
		9CCFB74129BC52BB00E56C9D /* Debug */ = {
			isa = XCBuildConfiguration;
			buildSettings = {
				ALWAYS_SEARCH_USER_PATHS = NO;
				CLANG_ANALYZER_NONNULL = YES;
				CLANG_ANALYZER_NUMBER_OBJECT_CONVERSION = YES_AGGRESSIVE;
				CLANG_CXX_LANGUAGE_STANDARD = "gnu++20";
				CLANG_ENABLE_MODULES = YES;
				CLANG_ENABLE_OBJC_ARC = YES;
				CLANG_ENABLE_OBJC_WEAK = YES;
				CLANG_WARN_BLOCK_CAPTURE_AUTORELEASING = YES;
				CLANG_WARN_BOOL_CONVERSION = YES;
				CLANG_WARN_COMMA = YES;
				CLANG_WARN_CONSTANT_CONVERSION = YES;
				CLANG_WARN_DEPRECATED_OBJC_IMPLEMENTATIONS = YES;
				CLANG_WARN_DIRECT_OBJC_ISA_USAGE = YES_ERROR;
				CLANG_WARN_DOCUMENTATION_COMMENTS = YES;
				CLANG_WARN_EMPTY_BODY = YES;
				CLANG_WARN_ENUM_CONVERSION = YES;
				CLANG_WARN_INFINITE_RECURSION = YES;
				CLANG_WARN_INT_CONVERSION = YES;
				CLANG_WARN_NON_LITERAL_NULL_CONVERSION = YES;
				CLANG_WARN_OBJC_IMPLICIT_RETAIN_SELF = YES;
				CLANG_WARN_OBJC_LITERAL_CONVERSION = YES;
				CLANG_WARN_OBJC_ROOT_CLASS = YES_ERROR;
				CLANG_WARN_QUOTED_INCLUDE_IN_FRAMEWORK_HEADER = YES;
				CLANG_WARN_RANGE_LOOP_ANALYSIS = YES;
				CLANG_WARN_STRICT_PROTOTYPES = YES;
				CLANG_WARN_SUSPICIOUS_MOVE = YES;
				CLANG_WARN_UNGUARDED_AVAILABILITY = YES_AGGRESSIVE;
				CLANG_WARN_UNREACHABLE_CODE = YES;
				CLANG_WARN__DUPLICATE_METHOD_MATCH = YES;
				COPY_PHASE_STRIP = NO;
				DEBUG_INFORMATION_FORMAT = dwarf;
				ENABLE_STRICT_OBJC_MSGSEND = YES;
				ENABLE_TESTABILITY = YES;
				GCC_C_LANGUAGE_STANDARD = gnu11;
				GCC_DYNAMIC_NO_PIC = NO;
				GCC_NO_COMMON_BLOCKS = YES;
				GCC_OPTIMIZATION_LEVEL = 0;
				GCC_PREPROCESSOR_DEFINITIONS = (
					"DEBUG=1",
					"$(inherited)",
				);
				GCC_WARN_64_TO_32_BIT_CONVERSION = YES;
				GCC_WARN_ABOUT_RETURN_TYPE = YES_ERROR;
				GCC_WARN_UNDECLARED_SELECTOR = YES;
				GCC_WARN_UNINITIALIZED_AUTOS = YES_AGGRESSIVE;
				GCC_WARN_UNUSED_FUNCTION = YES;
				GCC_WARN_UNUSED_VARIABLE = YES;
				IPHONEOS_DEPLOYMENT_TARGET = 16.2;
				MTL_ENABLE_DEBUG_INFO = INCLUDE_SOURCE;
				MTL_FAST_MATH = YES;
				ONLY_ACTIVE_ARCH = YES;
				SDKROOT = iphoneos;
				SWIFT_ACTIVE_COMPILATION_CONDITIONS = DEBUG;
				SWIFT_OPTIMIZATION_LEVEL = "-Onone";
			};
			name = Debug;
		};
		9CCFB74229BC52BB00E56C9D /* Release */ = {
			isa = XCBuildConfiguration;
			buildSettings = {
				ALWAYS_SEARCH_USER_PATHS = NO;
				CLANG_ANALYZER_NONNULL = YES;
				CLANG_ANALYZER_NUMBER_OBJECT_CONVERSION = YES_AGGRESSIVE;
				CLANG_CXX_LANGUAGE_STANDARD = "gnu++20";
				CLANG_ENABLE_MODULES = YES;
				CLANG_ENABLE_OBJC_ARC = YES;
				CLANG_ENABLE_OBJC_WEAK = YES;
				CLANG_WARN_BLOCK_CAPTURE_AUTORELEASING = YES;
				CLANG_WARN_BOOL_CONVERSION = YES;
				CLANG_WARN_COMMA = YES;
				CLANG_WARN_CONSTANT_CONVERSION = YES;
				CLANG_WARN_DEPRECATED_OBJC_IMPLEMENTATIONS = YES;
				CLANG_WARN_DIRECT_OBJC_ISA_USAGE = YES_ERROR;
				CLANG_WARN_DOCUMENTATION_COMMENTS = YES;
				CLANG_WARN_EMPTY_BODY = YES;
				CLANG_WARN_ENUM_CONVERSION = YES;
				CLANG_WARN_INFINITE_RECURSION = YES;
				CLANG_WARN_INT_CONVERSION = YES;
				CLANG_WARN_NON_LITERAL_NULL_CONVERSION = YES;
				CLANG_WARN_OBJC_IMPLICIT_RETAIN_SELF = YES;
				CLANG_WARN_OBJC_LITERAL_CONVERSION = YES;
				CLANG_WARN_OBJC_ROOT_CLASS = YES_ERROR;
				CLANG_WARN_QUOTED_INCLUDE_IN_FRAMEWORK_HEADER = YES;
				CLANG_WARN_RANGE_LOOP_ANALYSIS = YES;
				CLANG_WARN_STRICT_PROTOTYPES = YES;
				CLANG_WARN_SUSPICIOUS_MOVE = YES;
				CLANG_WARN_UNGUARDED_AVAILABILITY = YES_AGGRESSIVE;
				CLANG_WARN_UNREACHABLE_CODE = YES;
				CLANG_WARN__DUPLICATE_METHOD_MATCH = YES;
				COPY_PHASE_STRIP = NO;
				DEBUG_INFORMATION_FORMAT = "dwarf-with-dsym";
				ENABLE_NS_ASSERTIONS = NO;
				ENABLE_STRICT_OBJC_MSGSEND = YES;
				GCC_C_LANGUAGE_STANDARD = gnu11;
				GCC_NO_COMMON_BLOCKS = YES;
				GCC_WARN_64_TO_32_BIT_CONVERSION = YES;
				GCC_WARN_ABOUT_RETURN_TYPE = YES_ERROR;
				GCC_WARN_UNDECLARED_SELECTOR = YES;
				GCC_WARN_UNINITIALIZED_AUTOS = YES_AGGRESSIVE;
				GCC_WARN_UNUSED_FUNCTION = YES;
				GCC_WARN_UNUSED_VARIABLE = YES;
				IPHONEOS_DEPLOYMENT_TARGET = 16.2;
				MTL_ENABLE_DEBUG_INFO = NO;
				MTL_FAST_MATH = YES;
				SDKROOT = iphoneos;
				SWIFT_COMPILATION_MODE = wholemodule;
				SWIFT_OPTIMIZATION_LEVEL = "-O";
				VALIDATE_PRODUCT = YES;
			};
			name = Release;
		};
		9CCFB74429BC52BB00E56C9D /* Debug */ = {
			isa = XCBuildConfiguration;
			buildSettings = {
				ASSETCATALOG_COMPILER_APPICON_NAME = AppIcon;
				ASSETCATALOG_COMPILER_GLOBAL_ACCENT_COLOR_NAME = AccentColor;
				CODE_SIGN_STYLE = Automatic;
				CURRENT_PROJECT_VERSION = 1;
				DEVELOPMENT_ASSET_PATHS = "\"MyFirstIoSApp/Preview Content\"";
				ENABLE_PREVIEWS = YES;
				GENERATE_INFOPLIST_FILE = YES;
				INFOPLIST_KEY_UIApplicationSceneManifest_Generation = YES;
				INFOPLIST_KEY_UIApplicationSupportsIndirectInputEvents = YES;
				INFOPLIST_KEY_UILaunchScreen_Generation = YES;
				INFOPLIST_KEY_UISupportedInterfaceOrientations_iPad = "UIInterfaceOrientationPortrait UIInterfaceOrientationPortraitUpsideDown UIInterfaceOrientationLandscapeLeft UIInterfaceOrientationLandscapeRight";
				INFOPLIST_KEY_UISupportedInterfaceOrientations_iPhone = "UIInterfaceOrientationPortrait UIInterfaceOrientationLandscapeLeft UIInterfaceOrientationLandscapeRight";
				LD_RUNPATH_SEARCH_PATHS = (
					"$(inherited)",
					"@executable_path/Frameworks",
				);
				MARKETING_VERSION = 1.0;
				PRODUCT_BUNDLE_IDENTIFIER = com.MyFirstIoSApp;
				PRODUCT_NAME = "$(TARGET_NAME)";
				SWIFT_EMIT_LOC_STRINGS = YES;
				SWIFT_VERSION = 5.0;
				TARGETED_DEVICE_FAMILY = "1,2";
			};
			name = Debug;
		};
		9CCFB74529BC52BB00E56C9D /* Release */ = {
			isa = XCBuildConfiguration;
			buildSettings = {
				ASSETCATALOG_COMPILER_APPICON_NAME = AppIcon;
				ASSETCATALOG_COMPILER_GLOBAL_ACCENT_COLOR_NAME = AccentColor;
				CODE_SIGN_STYLE = Automatic;
				CURRENT_PROJECT_VERSION = 1;
				DEVELOPMENT_ASSET_PATHS = "\"MyFirstIoSApp/Preview Content\"";
				ENABLE_PREVIEWS = YES;
				GENERATE_INFOPLIST_FILE = YES;
				INFOPLIST_KEY_UIApplicationSceneManifest_Generation = YES;
				INFOPLIST_KEY_UIApplicationSupportsIndirectInputEvents = YES;
				INFOPLIST_KEY_UILaunchScreen_Generation = YES;
				INFOPLIST_KEY_UISupportedInterfaceOrientations_iPad = "UIInterfaceOrientationPortrait UIInterfaceOrientationPortraitUpsideDown UIInterfaceOrientationLandscapeLeft UIInterfaceOrientationLandscapeRight";
				INFOPLIST_KEY_UISupportedInterfaceOrientations_iPhone = "UIInterfaceOrientationPortrait UIInterfaceOrientationLandscapeLeft UIInterfaceOrientationLandscapeRight";
				LD_RUNPATH_SEARCH_PATHS = (
					"$(inherited)",
					"@executable_path/Frameworks",
				);
				MARKETING_VERSION = 1.0;
				PRODUCT_BUNDLE_IDENTIFIER = com.MyFirstIoSApp;
				PRODUCT_NAME = "$(TARGET_NAME)";
				SWIFT_EMIT_LOC_STRINGS = YES;
				SWIFT_VERSION = 5.0;
				TARGETED_DEVICE_FAMILY = "1,2";
			};
			name = Release;
		};
		9CCFB74729BC52BB00E56C9D /* Debug */ = {
			isa = XCBuildConfiguration;
			buildSettings = {
				ALWAYS_EMBED_SWIFT_STANDARD_LIBRARIES = YES;
				BUNDLE_LOADER = "$(TEST_HOST)";
				CODE_SIGN_STYLE = Automatic;
				CURRENT_PROJECT_VERSION = 1;
				GENERATE_INFOPLIST_FILE = YES;
				IPHONEOS_DEPLOYMENT_TARGET = 16.2;
				MARKETING_VERSION = 1.0;
				PRODUCT_BUNDLE_IDENTIFIER = com.MyFirstIoSAppTests;
				PRODUCT_NAME = "$(TARGET_NAME)";
				SWIFT_EMIT_LOC_STRINGS = NO;
				SWIFT_VERSION = 5.0;
				TARGETED_DEVICE_FAMILY = "1,2";
				TEST_HOST = "$(BUILT_PRODUCTS_DIR)/MyFirstIoSApp.app/$(BUNDLE_EXECUTABLE_FOLDER_PATH)/MyFirstIoSApp";
			};
			name = Debug;
		};
		9CCFB74829BC52BB00E56C9D /* Release */ = {
			isa = XCBuildConfiguration;
			buildSettings = {
				ALWAYS_EMBED_SWIFT_STANDARD_LIBRARIES = YES;
				BUNDLE_LOADER = "$(TEST_HOST)";
				CODE_SIGN_STYLE = Automatic;
				CURRENT_PROJECT_VERSION = 1;
				GENERATE_INFOPLIST_FILE = YES;
				IPHONEOS_DEPLOYMENT_TARGET = 16.2;
				MARKETING_VERSION = 1.0;
				PRODUCT_BUNDLE_IDENTIFIER = com.MyFirstIoSAppTests;
				PRODUCT_NAME = "$(TARGET_NAME)";
				SWIFT_EMIT_LOC_STRINGS = NO;
				SWIFT_VERSION = 5.0;
				TARGETED_DEVICE_FAMILY = "1,2";
				TEST_HOST = "$(BUILT_PRODUCTS_DIR)/MyFirstIoSApp.app/$(BUNDLE_EXECUTABLE_FOLDER_PATH)/MyFirstIoSApp";
			};
			name = Release;
		};
		9CCFB74A29BC52BB00E56C9D /* Debug */ = {
			isa = XCBuildConfiguration;
			buildSettings = {
				ALWAYS_EMBED_SWIFT_STANDARD_LIBRARIES = YES;
				CODE_SIGN_STYLE = Automatic;
				CURRENT_PROJECT_VERSION = 1;
				GENERATE_INFOPLIST_FILE = YES;
				MARKETING_VERSION = 1.0;
				PRODUCT_BUNDLE_IDENTIFIER = com.MyFirstIoSAppUITests;
				PRODUCT_NAME = "$(TARGET_NAME)";
				SWIFT_EMIT_LOC_STRINGS = NO;
				SWIFT_VERSION = 5.0;
				TARGETED_DEVICE_FAMILY = "1,2";
				TEST_TARGET_NAME = MyFirstIoSApp;
			};
			name = Debug;
		};
		9CCFB74B29BC52BB00E56C9D /* Release */ = {
			isa = XCBuildConfiguration;
			buildSettings = {
				ALWAYS_EMBED_SWIFT_STANDARD_LIBRARIES = YES;
				CODE_SIGN_STYLE = Automatic;
				CURRENT_PROJECT_VERSION = 1;
				GENERATE_INFOPLIST_FILE = YES;
				MARKETING_VERSION = 1.0;
				PRODUCT_BUNDLE_IDENTIFIER = com.MyFirstIoSAppUITests;
				PRODUCT_NAME = "$(TARGET_NAME)";
				SWIFT_EMIT_LOC_STRINGS = NO;
				SWIFT_VERSION = 5.0;
				TARGETED_DEVICE_FAMILY = "1,2";
				TEST_TARGET_NAME = MyFirstIoSApp;
			};
			name = Release;
		};
/* End XCBuildConfiguration section */

/* Begin XCConfigurationList section */
		9CCFB71A29BC52B800E56C9D /* Build configuration list for PBXProject "MyFirstIoSApp" */ = {
			isa = XCConfigurationList;
			buildConfigurations = (
				9CCFB74129BC52BB00E56C9D /* Debug */,
				9CCFB74229BC52BB00E56C9D /* Release */,
			);
			defaultConfigurationIsVisible = 0;
			defaultConfigurationName = Release;
		};
		9CCFB74329BC52BB00E56C9D /* Build configuration list for PBXNativeTarget "MyFirstIoSApp" */ = {
			isa = XCConfigurationList;
			buildConfigurations = (
				9CCFB74429BC52BB00E56C9D /* Debug */,
				9CCFB74529BC52BB00E56C9D /* Release */,
			);
			defaultConfigurationIsVisible = 0;
			defaultConfigurationName = Release;
		};
		9CCFB74629BC52BB00E56C9D /* Build configuration list for PBXNativeTarget "MyFirstIoSAppTests" */ = {
			isa = XCConfigurationList;
			buildConfigurations = (
				9CCFB74729BC52BB00E56C9D /* Debug */,
				9CCFB74829BC52BB00E56C9D /* Release */,
			);
			defaultConfigurationIsVisible = 0;
			defaultConfigurationName = Release;
		};
		9CCFB74929BC52BB00E56C9D /* Build configuration list for PBXNativeTarget "MyFirstIoSAppUITests" */ = {
			isa = XCConfigurationList;
			buildConfigurations = (
				9CCFB74A29BC52BB00E56C9D /* Debug */,
				9CCFB74B29BC52BB00E56C9D /* Release */,
			);
			defaultConfigurationIsVisible = 0;
			defaultConfigurationName = Release;
		};
/* End XCConfigurationList section */
	};
	rootObject = 9CCFB71729BC52B800E56C9D /* Project object */;
}
